
Microsoft Visual Studio Solution File, Format Version 12.00
# Visual Studio Version 17
VisualStudioVersion = 17.9.34622.214
MinimumVisualStudioVersion = 10.0.40219.1
Project("{9A19103F-16F7-4668-BE54-9A1E7A4F7556}") = "Eshop", "Eshop\Eshop.csproj", "{F60E468E-3C3B-42B1-A966-03E186D943E1}"
EndProject
Project("{9A19103F-16F7-4668-BE54-9A1E7A4F7556}") = "ApplicationCore", "ApplicationCore\ApplicationCore.csproj", "{0FA234D2-0F31-4EA1-B3C4-1C58CBBD25C0}"
EndProject
Project("{9A19103F-16F7-4668-BE54-9A1E7A4F7556}") = "Infrastructure", "Infrastructure\Infrastructure.csproj", "{514B6DC0-A9EF-4244-ABF0-D90D369411C2}"
EndProject
Project("{FAE04EC0-301F-11D3-BF4B-00C04F79EFBC}") = "EShopAPI", "EShopAPI\EShopAPI.csproj", "{E7ED5B28-6051-4F76-B9AD-E989B0B1469D}"
EndProject
Global
	GlobalSection(SolutionConfigurationPlatforms) = preSolution
		Debug|Any CPU = Debug|Any CPU
		Release|Any CPU = Release|Any CPU
	EndGlobalSection
	GlobalSection(ProjectConfigurationPlatforms) = postSolution
		{F60E468E-3C3B-42B1-A966-03E186D943E1}.Debug|Any CPU.ActiveCfg = Debug|Any CPU
		{F60E468E-3C3B-42B1-A966-03E186D943E1}.Debug|Any CPU.Build.0 = Debug|Any CPU
		{F60E468E-3C3B-42B1-A966-03E186D943E1}.Release|Any CPU.ActiveCfg = Release|Any CPU
		{F60E468E-3C3B-42B1-A966-03E186D943E1}.Release|Any CPU.Build.0 = Release|Any CPU
		{0FA234D2-0F31-4EA1-B3C4-1C58CBBD25C0}.Debug|Any CPU.ActiveCfg = Debug|Any CPU
		{0FA234D2-0F31-4EA1-B3C4-1C58CBBD25C0}.Debug|Any CPU.Build.0 = Debug|Any CPU
		{0FA234D2-0F31-4EA1-B3C4-1C58CBBD25C0}.Release|Any CPU.ActiveCfg = Release|Any CPU
		{0FA234D2-0F31-4EA1-B3C4-1C58CBBD25C0}.Release|Any CPU.Build.0 = Release|Any CPU
		{514B6DC0-A9EF-4244-ABF0-D90D369411C2}.Debug|Any CPU.ActiveCfg = Debug|Any CPU
		{514B6DC0-A9EF-4244-ABF0-D90D369411C2}.Debug|Any CPU.Build.0 = Debug|Any CPU
		{514B6DC0-A9EF-4244-ABF0-D90D369411C2}.Release|Any CPU.ActiveCfg = Release|Any CPU
		{514B6DC0-A9EF-4244-ABF0-D90D369411C2}.Release|Any CPU.Build.0 = Release|Any CPU
		{E7ED5B28-6051-4F76-B9AD-E989B0B1469D}.Debug|Any CPU.ActiveCfg = Debug|Any CPU
		{E7ED5B28-6051-4F76-B9AD-E989B0B1469D}.Debug|Any CPU.Build.0 = Debug|Any CPU
		{E7ED5B28-6051-4F76-B9AD-E989B0B1469D}.Release|Any CPU.ActiveCfg = Release|Any CPU
		{E7ED5B28-6051-4F76-B9AD-E989B0B1469D}.Release|Any CPU.Build.0 = Release|Any CPU
	EndGlobalSection
	GlobalSection(SolutionProperties) = preSolution
		HideSolutionNode = FALSE
	EndGlobalSection
	GlobalSection(ExtensibilityGlobals) = postSolution
		SolutionGuid = {7E18950D-90A2-45A9-BA07-D455AE7D00B8}
	EndGlobalSection
EndGlobal
